
Microsoft Visual Studio Solution File, Format Version 12.00
# Visual Studio Version 17
VisualStudioVersion = 17.9.34728.123
MinimumVisualStudioVersion = 10.0.40219.1
Project("{9A19103F-16F7-4668-BE54-9A1E7A4F7556}") = "CVFPAPI", "CVFPAPI\CVFPAPI.csproj", "{EDCA1CC1-D924-46EA-B50B-FA753933E5FB}"
EndProject
Project("{9A19103F-16F7-4668-BE54-9A1E7A4F7556}") = "CVFPDataAccess", "CVFPDataAccess\CVFPDataAccess.csproj", "{9EC308DC-B566-4C52-A5C0-1582DA000922}"
EndProject
Project("{9A19103F-16F7-4668-BE54-9A1E7A4F7556}") = "CVFPServices", "CVFPServices\CVFPServices.csproj", "{A9B98C8E-060F-4534-B9CB-76D2FBEE6AB4}"
EndProject
Project("{FAE04EC0-301F-11D3-BF4B-00C04F79EFBC}") = "CVFPApiPackage", "CVFPApiPackage\CVFPApiPackage.csproj", "{A54D15D0-9CCA-4648-97F8-EA0492628EB1}"
EndProject
Project("{FAE04EC0-301F-11D3-BF4B-00C04F79EFBC}") = "CVFPCommon", "CVFPCommon\CVFPCommon.csproj", "{122F2DB4-5E31-470C-9F2E-B662C765039D}"
EndProject
Global
	GlobalSection(SolutionConfigurationPlatforms) = preSolution
		Debug|Any CPU = Debug|Any CPU
		Release|Any CPU = Release|Any CPU
	EndGlobalSection
	GlobalSection(ProjectConfigurationPlatforms) = postSolution
		{EDCA1CC1-D924-46EA-B50B-FA753933E5FB}.Debug|Any CPU.ActiveCfg = Debug|Any CPU
		{EDCA1CC1-D924-46EA-B50B-FA753933E5FB}.Debug|Any CPU.Build.0 = Debug|Any CPU
		{EDCA1CC1-D924-46EA-B50B-FA753933E5FB}.Release|Any CPU.ActiveCfg = Release|Any CPU
		{EDCA1CC1-D924-46EA-B50B-FA753933E5FB}.Release|Any CPU.Build.0 = Release|Any CPU
		{9EC308DC-B566-4C52-A5C0-1582DA000922}.Debug|Any CPU.ActiveCfg = Debug|Any CPU
		{9EC308DC-B566-4C52-A5C0-1582DA000922}.Debug|Any CPU.Build.0 = Debug|Any CPU
		{9EC308DC-B566-4C52-A5C0-1582DA000922}.Release|Any CPU.ActiveCfg = Release|Any CPU
		{9EC308DC-B566-4C52-A5C0-1582DA000922}.Release|Any CPU.Build.0 = Release|Any CPU
		{A9B98C8E-060F-4534-B9CB-76D2FBEE6AB4}.Debug|Any CPU.ActiveCfg = Debug|Any CPU
		{A9B98C8E-060F-4534-B9CB-76D2FBEE6AB4}.Debug|Any CPU.Build.0 = Debug|Any CPU
		{A9B98C8E-060F-4534-B9CB-76D2FBEE6AB4}.Release|Any CPU.ActiveCfg = Release|Any CPU
		{A9B98C8E-060F-4534-B9CB-76D2FBEE6AB4}.Release|Any CPU.Build.0 = Release|Any CPU
		{A54D15D0-9CCA-4648-97F8-EA0492628EB1}.Debug|Any CPU.ActiveCfg = Debug|Any CPU
		{A54D15D0-9CCA-4648-97F8-EA0492628EB1}.Debug|Any CPU.Build.0 = Debug|Any CPU
		{A54D15D0-9CCA-4648-97F8-EA0492628EB1}.Release|Any CPU.ActiveCfg = Release|Any CPU
		{A54D15D0-9CCA-4648-97F8-EA0492628EB1}.Release|Any CPU.Build.0 = Release|Any CPU
		{122F2DB4-5E31-470C-9F2E-B662C765039D}.Debug|Any CPU.ActiveCfg = Debug|Any CPU
		{122F2DB4-5E31-470C-9F2E-B662C765039D}.Debug|Any CPU.Build.0 = Debug|Any CPU
		{122F2DB4-5E31-470C-9F2E-B662C765039D}.Release|Any CPU.ActiveCfg = Release|Any CPU
		{122F2DB4-5E31-470C-9F2E-B662C765039D}.Release|Any CPU.Build.0 = Release|Any CPU
	EndGlobalSection
	GlobalSection(SolutionProperties) = preSolution
		HideSolutionNode = FALSE
	EndGlobalSection
	GlobalSection(ExtensibilityGlobals) = postSolution
		SolutionGuid = {5A56C133-2320-4964-B1D9-5861562C75C2}
	EndGlobalSection
EndGlobal
